
Microsoft Visual Studio Solution File, Format Version 12.00
# Visual Studio Version 16
VisualStudioVersion = 16.0.30413.136
MinimumVisualStudioVersion = 10.0.40219.1
Project("{FAE04EC0-301F-11D3-BF4B-00C04F79EFBC}") = "DAL", "DAL\DAL.csproj", "{EAC09D5B-95FD-48E9-950C-55DEFCD5F788}"
EndProject
Project("{FAE04EC0-301F-11D3-BF4B-00C04F79EFBC}") = "LOGIC", "LOGIC\LOGIC.csproj", "{F5301A07-C3D9-489E-AAE1-FABC29D0EF61}"
EndProject
Project("{FAE04EC0-301F-11D3-BF4B-00C04F79EFBC}") = "API", "API\API.csproj", "{72BAECAE-EEDB-4AD7-9621-5E43D17101F2}"
EndProject
Project("{FAE04EC0-301F-11D3-BF4B-00C04F79EFBC}") = "Domain", "Domain\Domain.csproj", "{9439F429-DD32-44C7-A43B-50EC8560D981}"
EndProject
Global
	GlobalSection(SolutionConfigurationPlatforms) = preSolution
		Debug|Any CPU = Debug|Any CPU
		Release|Any CPU = Release|Any CPU
	EndGlobalSection
	GlobalSection(ProjectConfigurationPlatforms) = postSolution
		{EAC09D5B-95FD-48E9-950C-55DEFCD5F788}.Debug|Any CPU.ActiveCfg = Debug|Any CPU
		{EAC09D5B-95FD-48E9-950C-55DEFCD5F788}.Debug|Any CPU.Build.0 = Debug|Any CPU
		{EAC09D5B-95FD-48E9-950C-55DEFCD5F788}.Release|Any CPU.ActiveCfg = Release|Any CPU
		{EAC09D5B-95FD-48E9-950C-55DEFCD5F788}.Release|Any CPU.Build.0 = Release|Any CPU
		{F5301A07-C3D9-489E-AAE1-FABC29D0EF61}.Debug|Any CPU.ActiveCfg = Debug|Any CPU
		{F5301A07-C3D9-489E-AAE1-FABC29D0EF61}.Debug|Any CPU.Build.0 = Debug|Any CPU
		{F5301A07-C3D9-489E-AAE1-FABC29D0EF61}.Release|Any CPU.ActiveCfg = Release|Any CPU
		{F5301A07-C3D9-489E-AAE1-FABC29D0EF61}.Release|Any CPU.Build.0 = Release|Any CPU
		{72BAECAE-EEDB-4AD7-9621-5E43D17101F2}.Debug|Any CPU.ActiveCfg = Debug|Any CPU
		{72BAECAE-EEDB-4AD7-9621-5E43D17101F2}.Debug|Any CPU.Build.0 = Debug|Any CPU
		{72BAECAE-EEDB-4AD7-9621-5E43D17101F2}.Release|Any CPU.ActiveCfg = Release|Any CPU
		{72BAECAE-EEDB-4AD7-9621-5E43D17101F2}.Release|Any CPU.Build.0 = Release|Any CPU
		{9439F429-DD32-44C7-A43B-50EC8560D981}.Debug|Any CPU.ActiveCfg = Debug|Any CPU
		{9439F429-DD32-44C7-A43B-50EC8560D981}.Debug|Any CPU.Build.0 = Debug|Any CPU
		{9439F429-DD32-44C7-A43B-50EC8560D981}.Release|Any CPU.ActiveCfg = Release|Any CPU
		{9439F429-DD32-44C7-A43B-50EC8560D981}.Release|Any CPU.Build.0 = Release|Any CPU
	EndGlobalSection
	GlobalSection(SolutionProperties) = preSolution
		HideSolutionNode = FALSE
	EndGlobalSection
	GlobalSection(ExtensibilityGlobals) = postSolution
		SolutionGuid = {FEDC3E9A-4180-460B-B5C1-41B02E986D1C}
	EndGlobalSection
EndGlobal
